{
  "name": "test",
  "version": "1.0.0",
  "lockfileVersion": 3,
  "requires": true,
  "packages": {
    "": {
      "name": "test",
      "version": "1.0.0",
      "license": "ISC",
      "dependencies": {
        "textenter": "^1.0.0"
      }
    },
    "node_modules/textenter": {
      "version": "1.0.0",
      "resolved": "https://registry.npmjs.org/textenter/-/textenter-1.0.0.tgz",
      "integrity": "sha512-VoRp36RBpoue0bCyUKcyCEpmBH7229tCFQC29KcStdX8jjiHaCBHDeWP5LSBQndwiq8DYiWjaqf5Hu4FX4xacg=="
    }
  }
}
